// !$*UTF8*$!
{
	archiveVersion = 1;
	classes = {
	};
	objectVersion = 48;
	objects = {

/* Begin PBXBuildFile section */
		3C23D9A42060DBF800046E48 /* AppDelegate.swift in Sources */ = {isa = PBXBuildFile; fileRef = 3C23D9A32060DBF800046E48 /* AppDelegate.swift */; };
		3C23D9A92060DBF800046E48 /* Main.storyboard in Resources */ = {isa = PBXBuildFile; fileRef = 3C23D9A72060DBF800046E48 /* Main.storyboard */; };
		3C23D9AB2060DBF800046E48 /* Assets.xcassets in Resources */ = {isa = PBXBuildFile; fileRef = 3C23D9AA2060DBF800046E48 /* Assets.xcassets */; };
		3C23D9AE2060DBF800046E48 /* LaunchScreen.storyboard in Resources */ = {isa = PBXBuildFile; fileRef = 3C23D9AC2060DBF800046E48 /* LaunchScreen.storyboard */; };
		3C23D9B62060DC6F00046E48 /* WallpaperViewController.swift in Sources */ = {isa = PBXBuildFile; fileRef = 3C23D9B52060DC6F00046E48 /* WallpaperViewController.swift */; };
		3C2C656520688232008959AF /* Settings.bundle in Resources */ = {isa = PBXBuildFile; fileRef = 3C2C656420688232008959AF /* Settings.bundle */; };
		3C4817352060DDF900B21514 /* TutorialViewController.swift in Sources */ = {isa = PBXBuildFile; fileRef = 3C4817342060DDF900B21514 /* TutorialViewController.swift */; };
		3C7851872060DE6300F3C573 /* Unsplash.swift in Sources */ = {isa = PBXBuildFile; fileRef = 3C7851862060DE6300F3C573 /* Unsplash.swift */; };
		3CB88DA82060DEE30053D0B6 /* PageViewController.swift in Sources */ = {isa = PBXBuildFile; fileRef = 3CB88DA72060DEE30053D0B6 /* PageViewController.swift */; };
/* End PBXBuildFile section */

/* Begin PBXFileReference section */
		3C23D9A02060DBF800046E48 /* Narwall.app */ = {isa = PBXFileReference; explicitFileType = wrapper.application; includeInIndex = 0; path = Narwall.app; sourceTree = BUILT_PRODUCTS_DIR; };
		3C23D9A32060DBF800046E48 /* AppDelegate.swift */ = {isa = PBXFileReference; lastKnownFileType = sourcecode.swift; path = AppDelegate.swift; sourceTree = "<group>"; };
		3C23D9A82060DBF800046E48 /* Base */ = {isa = PBXFileReference; lastKnownFileType = file.storyboard; name = Base; path = Base.lproj/Main.storyboard; sourceTree = "<group>"; };
		3C23D9AA2060DBF800046E48 /* Assets.xcassets */ = {isa = PBXFileReference; lastKnownFileType = folder.assetcatalog; path = Assets.xcassets; sourceTree = "<group>"; };
		3C23D9AD2060DBF800046E48 /* Base */ = {isa = PBXFileReference; lastKnownFileType = file.storyboard; name = Base; path = Base.lproj/LaunchScreen.storyboard; sourceTree = "<group>"; };
		3C23D9AF2060DBF800046E48 /* Info.plist */ = {isa = PBXFileReference; lastKnownFileType = text.plist.xml; path = Info.plist; sourceTree = "<group>"; };
		3C23D9B52060DC6F00046E48 /* WallpaperViewController.swift */ = {isa = PBXFileReference; lastKnownFileType = sourcecode.swift; path = WallpaperViewController.swift; sourceTree = "<group>"; };
		3C2C656420688232008959AF /* Settings.bundle */ = {isa = PBXFileReference; lastKnownFileType = "wrapper.plug-in"; path = Settings.bundle; sourceTree = "<group>"; };
		3C4817342060DDF900B21514 /* TutorialViewController.swift */ = {isa = PBXFileReference; lastKnownFileType = sourcecode.swift; path = TutorialViewController.swift; sourceTree = "<group>"; };
		3C7851862060DE6300F3C573 /* Unsplash.swift */ = {isa = PBXFileReference; lastKnownFileType = sourcecode.swift; path = Unsplash.swift; sourceTree = "<group>"; };
		3CB88DA72060DEE30053D0B6 /* PageViewController.swift */ = {isa = PBXFileReference; lastKnownFileType = sourcecode.swift; path = PageViewController.swift; sourceTree = "<group>"; };
/* End PBXFileReference section */

/* Begin PBXFrameworksBuildPhase section */
		3C23D99D2060DBF800046E48 /* Frameworks */ = {
			isa = PBXFrameworksBuildPhase;
			buildActionMask = 2147483647;
			files = (
			);
			runOnlyForDeploymentPostprocessing = 0;
		};
/* End PBXFrameworksBuildPhase section */

/* Begin PBXGroup section */
		3C23D9972060DBF800046E48 = {
			isa = PBXGroup;
			children = (
				3C23D9A22060DBF800046E48 /* Narwall */,
				3C23D9A12060DBF800046E48 /* Products */,
			);
			sourceTree = "<group>";
		};
		3C23D9A12060DBF800046E48 /* Products */ = {
			isa = PBXGroup;
			children = (
				3C23D9A02060DBF800046E48 /* Narwall.app */,
			);
			name = Products;
			sourceTree = "<group>";
		};
		3C23D9A22060DBF800046E48 /* Narwall */ = {
			isa = PBXGroup;
			children = (
				3C23D9A32060DBF800046E48 /* AppDelegate.swift */,
				3C2C656420688232008959AF /* Settings.bundle */,
				3C23D9B52060DC6F00046E48 /* WallpaperViewController.swift */,
				3C7851862060DE6300F3C573 /* Unsplash.swift */,
				3CB88DA72060DEE30053D0B6 /* PageViewController.swift */,
				3C4817342060DDF900B21514 /* TutorialViewController.swift */,
				3C23D9A72060DBF800046E48 /* Main.storyboard */,
				3C23D9AA2060DBF800046E48 /* Assets.xcassets */,
				3C23D9AC2060DBF800046E48 /* LaunchScreen.storyboard */,
				3C23D9AF2060DBF800046E48 /* Info.plist */,
			);
			path = Narwall;
			sourceTree = "<group>";
		};
/* End PBXGroup section */

/* Begin PBXNativeTarget section */
		3C23D99F2060DBF800046E48 /* Narwall */ = {
			isa = PBXNativeTarget;
			buildConfigurationList = 3C23D9B22060DBF800046E48 /* Build configuration list for PBXNativeTarget "Narwall" */;
			buildPhases = (
				3C23D99C2060DBF800046E48 /* Sources */,
				3C23D99D2060DBF800046E48 /* Frameworks */,
				3C23D99E2060DBF800046E48 /* Resources */,
			);
			buildRules = (
			);
			dependencies = (
			);
			name = Narwall;
			productName = Narwall;
			productReference = 3C23D9A02060DBF800046E48 /* Narwall.app */;
			productType = "com.apple.product-type.application";
		};
/* End PBXNativeTarget section */

/* Begin PBXProject section */
		3C23D9982060DBF800046E48 /* Project object */ = {
			isa = PBXProject;
			attributes = {
				LastSwiftUpdateCheck = 0920;
				LastUpgradeCheck = 0920;
				ORGANIZATIONNAME = "Steven Huynh";
				TargetAttributes = {
					3C23D99F2060DBF800046E48 = {
						CreatedOnToolsVersion = 9.2;
						ProvisioningStyle = Automatic;
					};
				};
			};
			buildConfigurationList = 3C23D99B2060DBF800046E48 /* Build configuration list for PBXProject "Narwall" */;
			compatibilityVersion = "Xcode 8.0";
			developmentRegion = en;
			hasScannedForEncodings = 0;
			knownRegions = (
				en,
				Base,
			);
			mainGroup = 3C23D9972060DBF800046E48;
			productRefGroup = 3C23D9A12060DBF800046E48 /* Products */;
			projectDirPath = "";
			projectRoot = "";
			targets = (
				3C23D99F2060DBF800046E48 /* Narwall */,
			);
		};
/* End PBXProject section */

/* Begin PBXResourcesBuildPhase section */
		3C23D99E2060DBF800046E48 /* Resources */ = {
			isa = PBXResourcesBuildPhase;
			buildActionMask = 2147483647;
			files = (
				3C2C656520688232008959AF /* Settings.bundle in Resources */,
				3C23D9AE2060DBF800046E48 /* LaunchScreen.storyboard in Resources */,
				3C23D9AB2060DBF800046E48 /* Assets.xcassets in Resources */,
				3C23D9A92060DBF800046E48 /* Main.storyboard in Resources */,
			);
			runOnlyForDeploymentPostprocessing = 0;
		};
/* End PBXResourcesBuildPhase section */

/* Begin PBXSourcesBuildPhase section */
		3C23D99C2060DBF800046E48 /* Sources */ = {
			isa = PBXSourcesBuildPhase;
			buildActionMask = 2147483647;
			files = (
				3C23D9B62060DC6F00046E48 /* WallpaperViewController.swift in Sources */,
				3CB88DA82060DEE30053D0B6 /* PageViewController.swift in Sources */,
				3C4817352060DDF900B21514 /* TutorialViewController.swift in Sources */,
				3C7851872060DE6300F3C573 /* Unsplash.swift in Sources */,
				3C23D9A42060DBF800046E48 /* AppDelegate.swift in Sources */,
			);
			runOnlyForDeploymentPostprocessing = 0;
		};
/* End PBXSourcesBuildPhase section */

/* Begin PBXVariantGroup section */
		3C23D9A72060DBF800046E48 /* Main.storyboard */ = {
			isa = PBXVariantGroup;
			children = (
				3C23D9A82060DBF800046E48 /* Base */,
			);
			name = Main.storyboard;
			sourceTree = "<group>";
		};
		3C23D9AC2060DBF800046E48 /* LaunchScreen.storyboard */ = {
			isa = PBXVariantGroup;
			children = (
				3C23D9AD2060DBF800046E48 /* Base */,
			);
			name = LaunchScreen.storyboard;
			sourceTree = "<group>";
		};
/* End PBXVariantGroup section */

/* Begin XCBuildConfiguration section */
		3C23D9B02060DBF800046E48 /* Debug */ = {
			isa = XCBuildConfiguration;
			buildSettings = {
				ALWAYS_SEARCH_USER_PATHS = NO;
				CLANG_ANALYZER_NONNULL = YES;
				CLANG_ANALYZER_NUMBER_OBJECT_CONVERSION = YES_AGGRESSIVE;
				CLANG_CXX_LANGUAGE_STANDARD = "gnu++14";
				CLANG_CXX_LIBRARY = "libc++";
				CLANG_ENABLE_MODULES = YES;
				CLANG_ENABLE_OBJC_ARC = YES;
				CLANG_WARN_BLOCK_CAPTURE_AUTORELEASING = YES;
				CLANG_WARN_BOOL_CONVERSION = YES;
				CLANG_WARN_COMMA = YES;
				CLANG_WARN_CONSTANT_CONVERSION = YES;
				CLANG_WARN_DIRECT_OBJC_ISA_USAGE = YES_ERROR;
				CLANG_WARN_DOCUMENTATION_COMMENTS = YES;
				CLANG_WARN_EMPTY_BODY = YES;
				CLANG_WARN_ENUM_CONVERSION = YES;
				CLANG_WARN_INFINITE_RECURSION = YES;
				CLANG_WARN_INT_CONVERSION = YES;
				CLANG_WARN_NON_LITERAL_NULL_CONVERSION = YES;
				CLANG_WARN_OBJC_LITERAL_CONVERSION = YES;
				CLANG_WARN_OBJC_ROOT_CLASS = YES_ERROR;
				CLANG_WARN_RANGE_LOOP_ANALYSIS = YES;
				CLANG_WARN_STRICT_PROTOTYPES = YES;
				CLANG_WARN_SUSPICIOUS_MOVE = YES;
				CLANG_WARN_UNGUARDED_AVAILABILITY = YES_AGGRESSIVE;
				CLANG_WARN_UNREACHABLE_CODE = YES;
				CLANG_WARN__DUPLICATE_METHOD_MATCH = YES;
				CODE_SIGN_IDENTITY = "iPhone Developer";
				COPY_PHASE_STRIP = NO;
				DEBUG_INFORMATION_FORMAT = dwarf;
				ENABLE_STRICT_OBJC_MSGSEND = YES;
				ENABLE_TESTABILITY = YES;
				GCC_C_LANGUAGE_STANDARD = gnu11;
				GCC_DYNAMIC_NO_PIC = NO;
				GCC_NO_COMMON_BLOCKS = YES;
				GCC_OPTIMIZATION_LEVEL = 0;
				GCC_PREPROCESSOR_DEFINITIONS = (
					"DEBUG=1",
					"$(inherited)",
				);
				GCC_WARN_64_TO_32_BIT_CONVERSION = YES;
				GCC_WARN_ABOUT_RETURN_TYPE = YES_ERROR;
				GCC_WARN_UNDECLARED_SELECTOR = YES;
				GCC_WARN_UNINITIALIZED_AUTOS = YES_AGGRESSIVE;
				GCC_WARN_UNUSED_FUNCTION = YES;
				GCC_WARN_UNUSED_VARIABLE = YES;
				IPHONEOS_DEPLOYMENT_TARGET = 11.2;
				MTL_ENABLE_DEBUG_INFO = YES;
				ONLY_ACTIVE_ARCH = YES;
				SDKROOT = iphoneos;
				SWIFT_ACTIVE_COMPILATION_CONDITIONS = DEBUG;
				SWIFT_OPTIMIZATION_LEVEL = "-Onone";
			};
			name = Debug;
		};
		3C23D9B12060DBF800046E48 /* Release */ = {
			isa = XCBuildConfiguration;
			buildSettings = {
				ALWAYS_SEARCH_USER_PATHS = NO;
				CLANG_ANALYZER_NONNULL = YES;
				CLANG_ANALYZER_NUMBER_OBJECT_CONVERSION = YES_AGGRESSIVE;
				CLANG_CXX_LANGUAGE_STANDARD = "gnu++14";
				CLANG_CXX_LIBRARY = "libc++";
				CLANG_ENABLE_MODULES = YES;
				CLANG_ENABLE_OBJC_ARC = YES;
				CLANG_WARN_BLOCK_CAPTURE_AUTORELEASING = YES;
				CLANG_WARN_BOOL_CONVERSION = YES;
				CLANG_WARN_COMMA = YES;
				CLANG_WARN_CONSTANT_CONVERSION = YES;
				CLANG_WARN_DIRECT_OBJC_ISA_USAGE = YES_ERROR;
				CLANG_WARN_DOCUMENTATION_COMMENTS = YES;
				CLANG_WARN_EMPTY_BODY = YES;
				CLANG_WARN_ENUM_CONVERSION = YES;
				CLANG_WARN_INFINITE_RECURSION = YES;
				CLANG_WARN_INT_CONVERSION = YES;
				CLANG_WARN_NON_LITERAL_NULL_CONVERSION = YES;
				CLANG_WARN_OBJC_LITERAL_CONVERSION = YES;
				CLANG_WARN_OBJC_ROOT_CLASS = YES_ERROR;
				CLANG_WARN_RANGE_LOOP_ANALYSIS = YES;
				CLANG_WARN_STRICT_PROTOTYPES = YES;
				CLANG_WARN_SUSPICIOUS_MOVE = YES;
				CLANG_WARN_UNGUARDED_AVAILABILITY = YES_AGGRESSIVE;
				CLANG_WARN_UNREACHABLE_CODE = YES;
				CLANG_WARN__DUPLICATE_METHOD_MATCH = YES;
				CODE_SIGN_IDENTITY = "iPhone Developer";
				COPY_PHASE_STRIP = NO;
				DEBUG_INFORMATION_FORMAT = "dwarf-with-dsym";
				ENABLE_NS_ASSERTIONS = NO;
				ENABLE_STRICT_OBJC_MSGSEND = YES;
				GCC_C_LANGUAGE_STANDARD = gnu11;
				GCC_NO_COMMON_BLOCKS = YES;
				GCC_WARN_64_TO_32_BIT_CONVERSION = YES;
				GCC_WARN_ABOUT_RETURN_TYPE = YES_ERROR;
				GCC_WARN_UNDECLARED_SELECTOR = YES;
				GCC_WARN_UNINITIALIZED_AUTOS = YES_AGGRESSIVE;
				GCC_WARN_UNUSED_FUNCTION = YES;
				GCC_WARN_UNUSED_VARIABLE = YES;
				IPHONEOS_DEPLOYMENT_TARGET = 11.2;
				MTL_ENABLE_DEBUG_INFO = NO;
				SDKROOT = iphoneos;
				SWIFT_OPTIMIZATION_LEVEL = "-Owholemodule";
				VALIDATE_PRODUCT = YES;
			};
			name = Release;
		};
		3C23D9B32060DBF800046E48 /* Debug */ = {
			isa = XCBuildConfiguration;
			buildSettings = {
				ASSETCATALOG_COMPILER_APPICON_NAME = AppIcon;
				CODE_SIGN_STYLE = Automatic;
				DEVELOPMENT_TEAM = 5264342UU7;
				INFOPLIST_FILE = Narwall/Info.plist;
				LD_RUNPATH_SEARCH_PATHS = "$(inherited) @executable_path/Frameworks";
				PRODUCT_BUNDLE_IDENTIFIER = vin.ste.Narwall;
				PRODUCT_NAME = "$(TARGET_NAME)";
				SWIFT_VERSION = 4.0;
				TARGETED_DEVICE_FAMILY = "1,2";
			};
			name = Debug;
		};
		3C23D9B42060DBF800046E48 /* Release */ = {
			isa = XCBuildConfiguration;
			buildSettings = {
				ASSETCATALOG_COMPILER_APPICON_NAME = AppIcon;
				CODE_SIGN_STYLE = Automatic;
				DEVELOPMENT_TEAM = 5264342UU7;
				INFOPLIST_FILE = Narwall/Info.plist;
				LD_RUNPATH_SEARCH_PATHS = "$(inherited) @executable_path/Frameworks";
				PRODUCT_BUNDLE_IDENTIFIER = vin.ste.Narwall;
				PRODUCT_NAME = "$(TARGET_NAME)";
				SWIFT_VERSION = 4.0;
				TARGETED_DEVICE_FAMILY = "1,2";
			};
			name = Release;
		};
/* End XCBuildConfiguration section */

/* Begin XCConfigurationList section */
		3C23D99B2060DBF800046E48 /* Build configuration list for PBXProject "Narwall" */ = {
			isa = XCConfigurationList;
			buildConfigurations = (
				3C23D9B02060DBF800046E48 /* Debug */,
				3C23D9B12060DBF800046E48 /* Release */,
			);
			defaultConfigurationIsVisible = 0;
			defaultConfigurationName = Release;
		};
		3C23D9B22060DBF800046E48 /* Build configuration list for PBXNativeTarget "Narwall" */ = {
			isa = XCConfigurationList;
			buildConfigurations = (
				3C23D9B32060DBF800046E48 /* Debug */,
				3C23D9B42060DBF800046E48 /* Release */,
			);
			defaultConfigurationIsVisible = 0;
			defaultConfigurationName = Release;
		};
/* End XCConfigurationList section */
	};
	rootObject = 3C23D9982060DBF800046E48 /* Project object */;
}
